
Microsoft Visual Studio Solution File, Format Version 12.00
# Visual Studio Version 17
VisualStudioVersion = 17.12.35527.113 d17.12
MinimumVisualStudioVersion = 10.0.40219.1
Project("{FAE04EC0-301F-11D3-BF4B-00C04F79EFBC}") = "DuAn1_Nhom4", "DuAn1_Nhom4.csproj", "{68D18D52-E34D-482D-B57D-728A8F25C15F}"
EndProject
Global
	GlobalSection(SolutionConfigurationPlatforms) = preSolution
		Debug|Any CPU = Debug|Any CPU
		Release|Any CPU = Release|Any CPU
	EndGlobalSection
	GlobalSection(ProjectConfigurationPlatforms) = postSolution
		{68D18D52-E34D-482D-B57D-728A8F25C15F}.Debug|Any CPU.ActiveCfg = Debug|Any CPU
		{68D18D52-E34D-482D-B57D-728A8F25C15F}.Debug|Any CPU.Build.0 = Debug|Any CPU
		{68D18D52-E34D-482D-B57D-728A8F25C15F}.Release|Any CPU.ActiveCfg = Release|Any CPU
		{68D18D52-E34D-482D-B57D-728A8F25C15F}.Release|Any CPU.Build.0 = Release|Any CPU
	EndGlobalSection
	GlobalSection(SolutionProperties) = preSolution
		HideSolutionNode = FALSE
	EndGlobalSection
EndGlobal
